
Microsoft Visual Studio Solution File, Format Version 12.00
# Visual Studio Version 16
VisualStudioVersion = 16.0.32901.82
MinimumVisualStudioVersion = 10.0.40219.1
Project("{9A19103F-16F7-4668-BE54-9A1E7A4F7556}") = "Console_PrintArray_Function", "Console_PrintArray_Function.csproj", "{9B9F4BCC-2803-46AD-8A2C-66BCE9AF237B}"
EndProject
Project("{FAE04EC0-301F-11D3-BF4B-00C04F79EFBC}") = "Console_Sum_Of_Digit_Function", "..\Console_Sum_Of_Digit_Function\Console_Sum_Of_Digit_Function.csproj", "{36A4FA3A-97E9-46FB-9701-D6CAD5295CA4}"
EndProject
Project("{FAE04EC0-301F-11D3-BF4B-00C04F79EFBC}") = "Console_InternalClassExample", "..\Console_InternalClassExample\Console_InternalClassExample.csproj", "{15DFC2A8-E744-45A2-9D90-ADAF6E9FD792}"
EndProject
Global
	GlobalSection(SolutionConfigurationPlatforms) = preSolution
		Debug|Any CPU = Debug|Any CPU
		Release|Any CPU = Release|Any CPU
	EndGlobalSection
	GlobalSection(ProjectConfigurationPlatforms) = postSolution
		{9B9F4BCC-2803-46AD-8A2C-66BCE9AF237B}.Debug|Any CPU.ActiveCfg = Debug|Any CPU
		{9B9F4BCC-2803-46AD-8A2C-66BCE9AF237B}.Debug|Any CPU.Build.0 = Debug|Any CPU
		{9B9F4BCC-2803-46AD-8A2C-66BCE9AF237B}.Release|Any CPU.ActiveCfg = Release|Any CPU
		{9B9F4BCC-2803-46AD-8A2C-66BCE9AF237B}.Release|Any CPU.Build.0 = Release|Any CPU
		{36A4FA3A-97E9-46FB-9701-D6CAD5295CA4}.Debug|Any CPU.ActiveCfg = Debug|Any CPU
		{36A4FA3A-97E9-46FB-9701-D6CAD5295CA4}.Debug|Any CPU.Build.0 = Debug|Any CPU
		{36A4FA3A-97E9-46FB-9701-D6CAD5295CA4}.Release|Any CPU.ActiveCfg = Release|Any CPU
		{36A4FA3A-97E9-46FB-9701-D6CAD5295CA4}.Release|Any CPU.Build.0 = Release|Any CPU
		{15DFC2A8-E744-45A2-9D90-ADAF6E9FD792}.Debug|Any CPU.ActiveCfg = Debug|Any CPU
		{15DFC2A8-E744-45A2-9D90-ADAF6E9FD792}.Debug|Any CPU.Build.0 = Debug|Any CPU
		{15DFC2A8-E744-45A2-9D90-ADAF6E9FD792}.Release|Any CPU.ActiveCfg = Release|Any CPU
		{15DFC2A8-E744-45A2-9D90-ADAF6E9FD792}.Release|Any CPU.Build.0 = Release|Any CPU
	EndGlobalSection
	GlobalSection(SolutionProperties) = preSolution
		HideSolutionNode = FALSE
	EndGlobalSection
	GlobalSection(ExtensibilityGlobals) = postSolution
		SolutionGuid = {37E404B8-5728-40FB-8B97-6F19F278487F}
	EndGlobalSection
EndGlobal
