
Microsoft Visual Studio Solution File, Format Version 12.00
# Visual Studio Version 16
VisualStudioVersion = 16.0.33130.400
MinimumVisualStudioVersion = 10.0.40219.1
Project("{FAE04EC0-301F-11D3-BF4B-00C04F79EFBC}") = "ComboBoxSelected", "ComboBoxSelected.csproj", "{EE9E8636-DC5B-4593-AE14-C08561D2F7B0}"
EndProject
Global
	GlobalSection(SolutionConfigurationPlatforms) = preSolution
		Debug|Any CPU = Debug|Any CPU
		Release|Any CPU = Release|Any CPU
	EndGlobalSection
	GlobalSection(ProjectConfigurationPlatforms) = postSolution
		{EE9E8636-DC5B-4593-AE14-C08561D2F7B0}.Debug|Any CPU.ActiveCfg = Debug|Any CPU
		{EE9E8636-DC5B-4593-AE14-C08561D2F7B0}.Debug|Any CPU.Build.0 = Debug|Any CPU
		{EE9E8636-DC5B-4593-AE14-C08561D2F7B0}.Release|Any CPU.ActiveCfg = Release|Any CPU
		{EE9E8636-DC5B-4593-AE14-C08561D2F7B0}.Release|Any CPU.Build.0 = Release|Any CPU
	EndGlobalSection
	GlobalSection(SolutionProperties) = preSolution
		HideSolutionNode = FALSE
	EndGlobalSection
	GlobalSection(ExtensibilityGlobals) = postSolution
		SolutionGuid = {1A9F233E-FBCB-494D-8F9D-5560444070DC}
	EndGlobalSection
EndGlobal
